// !$*UTF8*$!
{
	archiveVersion = 1;
	classes = {
	};
	objectVersion = 56;
	objects = {

/* Begin PBXBuildFile section */
		BD10C9532A7C0A260034025F /* AppDelegate.swift in Sources */ = {isa = PBXBuildFile; fileRef = BD10C9522A7C0A260034025F /* AppDelegate.swift */; };
		BD10C9552A7C0A260034025F /* SceneDelegate.swift in Sources */ = {isa = PBXBuildFile; fileRef = BD10C9542A7C0A260034025F /* SceneDelegate.swift */; };
		BD10C9572A7C0A260034025F /* LoginViewController.swift in Sources */ = {isa = PBXBuildFile; fileRef = BD10C9562A7C0A260034025F /* LoginViewController.swift */; };
		BD10C95C2A7C0A270034025F /* Assets.xcassets in Resources */ = {isa = PBXBuildFile; fileRef = BD10C95B2A7C0A270034025F /* Assets.xcassets */; };
		BD10C95F2A7C0A270034025F /* LaunchScreen.storyboard in Resources */ = {isa = PBXBuildFile; fileRef = BD10C95D2A7C0A270034025F /* LaunchScreen.storyboard */; };
		BD717A502A8512B9004B1784 /* FriensdViewController.swift in Sources */ = {isa = PBXBuildFile; fileRef = BD717A4F2A8512B9004B1784 /* FriensdViewController.swift */; };
		BD717A522A851300004B1784 /* TableViewCellFriends.swift in Sources */ = {isa = PBXBuildFile; fileRef = BD717A512A851300004B1784 /* TableViewCellFriends.swift */; };
		BD717A542A852041004B1784 /* GroupViewController.swift in Sources */ = {isa = PBXBuildFile; fileRef = BD717A532A852041004B1784 /* GroupViewController.swift */; };
		BD717A562A85310D004B1784 /* TableViewCellGroups.swift in Sources */ = {isa = PBXBuildFile; fileRef = BD717A552A85310D004B1784 /* TableViewCellGroups.swift */; };
		BD717A582A853707004B1784 /* PhotosViewController.swift in Sources */ = {isa = PBXBuildFile; fileRef = BD717A572A853707004B1784 /* PhotosViewController.swift */; };
		BD717A7A2A878EBB004B1784 /* NetworkService.swift in Sources */ = {isa = PBXBuildFile; fileRef = BD717A792A878EBB004B1784 /* NetworkService.swift */; };
		BD717A872A87B00A004B1784 /* PhotosModel.swift in Sources */ = {isa = PBXBuildFile; fileRef = BD717A862A87B00A004B1784 /* PhotosModel.swift */; };
		BD717A892A892F3F004B1784 /* GroupsModel.swift in Sources */ = {isa = PBXBuildFile; fileRef = BD717A882A892F3F004B1784 /* GroupsModel.swift */; };
		BD717A8B2A892F60004B1784 /* FriendsModel.swift in Sources */ = {isa = PBXBuildFile; fileRef = BD717A8A2A892F60004B1784 /* FriendsModel.swift */; };
		BD717A8D2A8975E0004B1784 /* Constans.swift in Sources */ = {isa = PBXBuildFile; fileRef = BD717A8C2A8975E0004B1784 /* Constans.swift */; };
		BD717A8F2A8A83A7004B1784 /* TableViewCellPhoto.swift in Sources */ = {isa = PBXBuildFile; fileRef = BD717A8E2A8A83A7004B1784 /* TableViewCellPhoto.swift */; };
		BD717AEE2A915A9E004B1784 /* ProfileViewController.swift in Sources */ = {isa = PBXBuildFile; fileRef = BD717AED2A915A9E004B1784 /* ProfileViewController.swift */; };
		BD717AF02A937587004B1784 /* ProfileModel.swift in Sources */ = {isa = PBXBuildFile; fileRef = BD717AEF2A937587004B1784 /* ProfileModel.swift */; };
/* End PBXBuildFile section */

/* Begin PBXFileReference section */
		BD10C94F2A7C0A260034025F /* WithoutStoryboard.app */ = {isa = PBXFileReference; explicitFileType = wrapper.application; includeInIndex = 0; path = WithoutStoryboard.app; sourceTree = BUILT_PRODUCTS_DIR; };
		BD10C9522A7C0A260034025F /* AppDelegate.swift */ = {isa = PBXFileReference; lastKnownFileType = sourcecode.swift; path = AppDelegate.swift; sourceTree = "<group>"; };
		BD10C9542A7C0A260034025F /* SceneDelegate.swift */ = {isa = PBXFileReference; lastKnownFileType = sourcecode.swift; path = SceneDelegate.swift; sourceTree = "<group>"; };
		BD10C9562A7C0A260034025F /* LoginViewController.swift */ = {isa = PBXFileReference; lastKnownFileType = sourcecode.swift; path = LoginViewController.swift; sourceTree = "<group>"; tabWidth = 8; usesTabs = 0; };
		BD10C95B2A7C0A270034025F /* Assets.xcassets */ = {isa = PBXFileReference; lastKnownFileType = folder.assetcatalog; path = Assets.xcassets; sourceTree = "<group>"; };
		BD10C95E2A7C0A270034025F /* Base */ = {isa = PBXFileReference; lastKnownFileType = file.storyboard; name = Base; path = Base.lproj/LaunchScreen.storyboard; sourceTree = "<group>"; };
		BD10C9602A7C0A270034025F /* Info.plist */ = {isa = PBXFileReference; lastKnownFileType = text.plist.xml; path = Info.plist; sourceTree = "<group>"; };
		BD717A4F2A8512B9004B1784 /* FriensdViewController.swift */ = {isa = PBXFileReference; lastKnownFileType = sourcecode.swift; path = FriensdViewController.swift; sourceTree = "<group>"; };
		BD717A512A851300004B1784 /* TableViewCellFriends.swift */ = {isa = PBXFileReference; lastKnownFileType = sourcecode.swift; path = TableViewCellFriends.swift; sourceTree = "<group>"; };
		BD717A532A852041004B1784 /* GroupViewController.swift */ = {isa = PBXFileReference; lastKnownFileType = sourcecode.swift; path = GroupViewController.swift; sourceTree = "<group>"; };
		BD717A552A85310D004B1784 /* TableViewCellGroups.swift */ = {isa = PBXFileReference; lastKnownFileType = sourcecode.swift; path = TableViewCellGroups.swift; sourceTree = "<group>"; };
		BD717A572A853707004B1784 /* PhotosViewController.swift */ = {isa = PBXFileReference; lastKnownFileType = sourcecode.swift; path = PhotosViewController.swift; sourceTree = "<group>"; };
		BD717A792A878EBB004B1784 /* NetworkService.swift */ = {isa = PBXFileReference; lastKnownFileType = sourcecode.swift; path = NetworkService.swift; sourceTree = "<group>"; };
		BD717A862A87B00A004B1784 /* PhotosModel.swift */ = {isa = PBXFileReference; lastKnownFileType = sourcecode.swift; path = PhotosModel.swift; sourceTree = "<group>"; };
		BD717A882A892F3F004B1784 /* GroupsModel.swift */ = {isa = PBXFileReference; lastKnownFileType = sourcecode.swift; path = GroupsModel.swift; sourceTree = "<group>"; };
		BD717A8A2A892F60004B1784 /* FriendsModel.swift */ = {isa = PBXFileReference; lastKnownFileType = sourcecode.swift; path = FriendsModel.swift; sourceTree = "<group>"; };
		BD717A8C2A8975E0004B1784 /* Constans.swift */ = {isa = PBXFileReference; lastKnownFileType = sourcecode.swift; path = Constans.swift; sourceTree = "<group>"; };
		BD717A8E2A8A83A7004B1784 /* TableViewCellPhoto.swift */ = {isa = PBXFileReference; lastKnownFileType = sourcecode.swift; path = TableViewCellPhoto.swift; sourceTree = "<group>"; };
		BD717AED2A915A9E004B1784 /* ProfileViewController.swift */ = {isa = PBXFileReference; lastKnownFileType = sourcecode.swift; path = ProfileViewController.swift; sourceTree = "<group>"; };
		BD717AEF2A937587004B1784 /* ProfileModel.swift */ = {isa = PBXFileReference; lastKnownFileType = sourcecode.swift; path = ProfileModel.swift; sourceTree = "<group>"; };
/* End PBXFileReference section */

/* Begin PBXFrameworksBuildPhase section */
		BD10C94C2A7C0A260034025F /* Frameworks */ = {
			isa = PBXFrameworksBuildPhase;
			buildActionMask = 2147483647;
			files = (
			);
			runOnlyForDeploymentPostprocessing = 0;
		};
/* End PBXFrameworksBuildPhase section */

/* Begin PBXGroup section */
		BD10C9462A7C0A260034025F = {
			isa = PBXGroup;
			children = (
				BD10C9512A7C0A260034025F /* WithoutStoryboard */,
				BD10C9502A7C0A260034025F /* Products */,
			);
			sourceTree = "<group>";
		};
		BD10C9502A7C0A260034025F /* Products */ = {
			isa = PBXGroup;
			children = (
				BD10C94F2A7C0A260034025F /* WithoutStoryboard.app */,
			);
			name = Products;
			sourceTree = "<group>";
		};
		BD10C9512A7C0A260034025F /* WithoutStoryboard */ = {
			isa = PBXGroup;
			children = (
				BD717AF42A937F8D004B1784 /* Profile */,
				BD717AF32A937F50004B1784 /* Groups */,
				BD717AF22A937F31004B1784 /* Photos */,
				BD717AF12A937F12004B1784 /* Friends */,
				BD10C9522A7C0A260034025F /* AppDelegate.swift */,
				BD10C9542A7C0A260034025F /* SceneDelegate.swift */,
				BD10C9562A7C0A260034025F /* LoginViewController.swift */,
				BD10C95B2A7C0A270034025F /* Assets.xcassets */,
				BD10C95D2A7C0A270034025F /* LaunchScreen.storyboard */,
				BD10C9602A7C0A270034025F /* Info.plist */,
				BD717A8C2A8975E0004B1784 /* Constans.swift */,
				BD717A7B2A87A972004B1784 /* NetworkService */,
			);
			path = WithoutStoryboard;
			sourceTree = "<group>";
		};
		BD717A7B2A87A972004B1784 /* NetworkService */ = {
			isa = PBXGroup;
			children = (
				BD717A792A878EBB004B1784 /* NetworkService.swift */,
				BD717A862A87B00A004B1784 /* PhotosModel.swift */,
				BD717A882A892F3F004B1784 /* GroupsModel.swift */,
				BD717A8A2A892F60004B1784 /* FriendsModel.swift */,
				BD717AEF2A937587004B1784 /* ProfileModel.swift */,
			);
			path = NetworkService;
			sourceTree = "<group>";
		};
		BD717AF12A937F12004B1784 /* Friends */ = {
			isa = PBXGroup;
			children = (
				BD717A4F2A8512B9004B1784 /* FriensdViewController.swift */,
				BD717A512A851300004B1784 /* TableViewCellFriends.swift */,
			);
			path = Friends;
			sourceTree = "<group>";
		};
		BD717AF22A937F31004B1784 /* Photos */ = {
			isa = PBXGroup;
			children = (
				BD717A572A853707004B1784 /* PhotosViewController.swift */,
				BD717A8E2A8A83A7004B1784 /* TableViewCellPhoto.swift */,
			);
			path = Photos;
			sourceTree = "<group>";
		};
		BD717AF32A937F50004B1784 /* Groups */ = {
			isa = PBXGroup;
			children = (
				BD717A532A852041004B1784 /* GroupViewController.swift */,
				BD717A552A85310D004B1784 /* TableViewCellGroups.swift */,
			);
			path = Groups;
			sourceTree = "<group>";
		};
		BD717AF42A937F8D004B1784 /* Profile */ = {
			isa = PBXGroup;
			children = (
				BD717AED2A915A9E004B1784 /* ProfileViewController.swift */,
			);
			path = Profile;
			sourceTree = "<group>";
		};
/* End PBXGroup section */

/* Begin PBXNativeTarget section */
		BD10C94E2A7C0A260034025F /* WithoutStoryboard */ = {
			isa = PBXNativeTarget;
			buildConfigurationList = BD10C9632A7C0A270034025F /* Build configuration list for PBXNativeTarget "WithoutStoryboard" */;
			buildPhases = (
				BD10C94B2A7C0A260034025F /* Sources */,
				BD10C94C2A7C0A260034025F /* Frameworks */,
				BD10C94D2A7C0A260034025F /* Resources */,
			);
			buildRules = (
			);
			dependencies = (
			);
			name = WithoutStoryboard;
			productName = WithoutStoryboard;
			productReference = BD10C94F2A7C0A260034025F /* WithoutStoryboard.app */;
			productType = "com.apple.product-type.application";
		};
/* End PBXNativeTarget section */

/* Begin PBXProject section */
		BD10C9472A7C0A260034025F /* Project object */ = {
			isa = PBXProject;
			attributes = {
				BuildIndependentTargetsInParallel = 1;
				LastSwiftUpdateCheck = 1430;
				LastUpgradeCheck = 1430;
				TargetAttributes = {
					BD10C94E2A7C0A260034025F = {
						CreatedOnToolsVersion = 14.3.1;
					};
				};
			};
			buildConfigurationList = BD10C94A2A7C0A260034025F /* Build configuration list for PBXProject "WithoutStoryboard" */;
			compatibilityVersion = "Xcode 14.0";
			developmentRegion = en;
			hasScannedForEncodings = 0;
			knownRegions = (
				en,
				Base,
			);
			mainGroup = BD10C9462A7C0A260034025F;
			productRefGroup = BD10C9502A7C0A260034025F /* Products */;
			projectDirPath = "";
			projectRoot = "";
			targets = (
				BD10C94E2A7C0A260034025F /* WithoutStoryboard */,
			);
		};
/* End PBXProject section */

/* Begin PBXResourcesBuildPhase section */
		BD10C94D2A7C0A260034025F /* Resources */ = {
			isa = PBXResourcesBuildPhase;
			buildActionMask = 2147483647;
			files = (
				BD10C95F2A7C0A270034025F /* LaunchScreen.storyboard in Resources */,
				BD10C95C2A7C0A270034025F /* Assets.xcassets in Resources */,
			);
			runOnlyForDeploymentPostprocessing = 0;
		};
/* End PBXResourcesBuildPhase section */

/* Begin PBXSourcesBuildPhase section */
		BD10C94B2A7C0A260034025F /* Sources */ = {
			isa = PBXSourcesBuildPhase;
			buildActionMask = 2147483647;
			files = (
				BD717A8F2A8A83A7004B1784 /* TableViewCellPhoto.swift in Sources */,
				BD717A542A852041004B1784 /* GroupViewController.swift in Sources */,
				BD717A892A892F3F004B1784 /* GroupsModel.swift in Sources */,
				BD717A582A853707004B1784 /* PhotosViewController.swift in Sources */,
				BD10C9572A7C0A260034025F /* LoginViewController.swift in Sources */,
				BD717A522A851300004B1784 /* TableViewCellFriends.swift in Sources */,
				BD717A7A2A878EBB004B1784 /* NetworkService.swift in Sources */,
				BD717A8D2A8975E0004B1784 /* Constans.swift in Sources */,
				BD10C9532A7C0A260034025F /* AppDelegate.swift in Sources */,
				BD10C9552A7C0A260034025F /* SceneDelegate.swift in Sources */,
				BD717A872A87B00A004B1784 /* PhotosModel.swift in Sources */,
				BD717A8B2A892F60004B1784 /* FriendsModel.swift in Sources */,
				BD717AEE2A915A9E004B1784 /* ProfileViewController.swift in Sources */,
				BD717A562A85310D004B1784 /* TableViewCellGroups.swift in Sources */,
				BD717A502A8512B9004B1784 /* FriensdViewController.swift in Sources */,
				BD717AF02A937587004B1784 /* ProfileModel.swift in Sources */,
			);
			runOnlyForDeploymentPostprocessing = 0;
		};
/* End PBXSourcesBuildPhase section */

/* Begin PBXVariantGroup section */
		BD10C95D2A7C0A270034025F /* LaunchScreen.storyboard */ = {
			isa = PBXVariantGroup;
			children = (
				BD10C95E2A7C0A270034025F /* Base */,
			);
			name = LaunchScreen.storyboard;
			sourceTree = "<group>";
		};
/* End PBXVariantGroup section */

/* Begin XCBuildConfiguration section */
		BD10C9612A7C0A270034025F /* Debug */ = {
			isa = XCBuildConfiguration;
			buildSettings = {
				ALWAYS_SEARCH_USER_PATHS = NO;
				CLANG_ANALYZER_NONNULL = YES;
				CLANG_ANALYZER_NUMBER_OBJECT_CONVERSION = YES_AGGRESSIVE;
				CLANG_CXX_LANGUAGE_STANDARD = "gnu++20";
				CLANG_ENABLE_MODULES = YES;
				CLANG_ENABLE_OBJC_ARC = YES;
				CLANG_ENABLE_OBJC_WEAK = YES;
				CLANG_WARN_BLOCK_CAPTURE_AUTORELEASING = YES;
				CLANG_WARN_BOOL_CONVERSION = YES;
				CLANG_WARN_COMMA = YES;
				CLANG_WARN_CONSTANT_CONVERSION = YES;
				CLANG_WARN_DEPRECATED_OBJC_IMPLEMENTATIONS = YES;
				CLANG_WARN_DIRECT_OBJC_ISA_USAGE = YES_ERROR;
				CLANG_WARN_DOCUMENTATION_COMMENTS = YES;
				CLANG_WARN_EMPTY_BODY = YES;
				CLANG_WARN_ENUM_CONVERSION = YES;
				CLANG_WARN_INFINITE_RECURSION = YES;
				CLANG_WARN_INT_CONVERSION = YES;
				CLANG_WARN_NON_LITERAL_NULL_CONVERSION = YES;
				CLANG_WARN_OBJC_IMPLICIT_RETAIN_SELF = YES;
				CLANG_WARN_OBJC_LITERAL_CONVERSION = YES;
				CLANG_WARN_OBJC_ROOT_CLASS = YES_ERROR;
				CLANG_WARN_QUOTED_INCLUDE_IN_FRAMEWORK_HEADER = YES;
				CLANG_WARN_RANGE_LOOP_ANALYSIS = YES;
				CLANG_WARN_STRICT_PROTOTYPES = YES;
				CLANG_WARN_SUSPICIOUS_MOVE = YES;
				CLANG_WARN_UNGUARDED_AVAILABILITY = YES_AGGRESSIVE;
				CLANG_WARN_UNREACHABLE_CODE = YES;
				CLANG_WARN__DUPLICATE_METHOD_MATCH = YES;
				COPY_PHASE_STRIP = NO;
				DEBUG_INFORMATION_FORMAT = dwarf;
				ENABLE_STRICT_OBJC_MSGSEND = YES;
				ENABLE_TESTABILITY = YES;
				GCC_C_LANGUAGE_STANDARD = gnu11;
				GCC_DYNAMIC_NO_PIC = NO;
				GCC_NO_COMMON_BLOCKS = YES;
				GCC_OPTIMIZATION_LEVEL = 0;
				GCC_PREPROCESSOR_DEFINITIONS = (
					"DEBUG=1",
					"$(inherited)",
				);
				GCC_WARN_64_TO_32_BIT_CONVERSION = YES;
				GCC_WARN_ABOUT_RETURN_TYPE = YES_ERROR;
				GCC_WARN_UNDECLARED_SELECTOR = YES;
				GCC_WARN_UNINITIALIZED_AUTOS = YES_AGGRESSIVE;
				GCC_WARN_UNUSED_FUNCTION = YES;
				GCC_WARN_UNUSED_VARIABLE = YES;
				IPHONEOS_DEPLOYMENT_TARGET = 16.4;
				MTL_ENABLE_DEBUG_INFO = INCLUDE_SOURCE;
				MTL_FAST_MATH = YES;
				ONLY_ACTIVE_ARCH = YES;
				SDKROOT = iphoneos;
				SWIFT_ACTIVE_COMPILATION_CONDITIONS = DEBUG;
				SWIFT_OPTIMIZATION_LEVEL = "-Onone";
			};
			name = Debug;
		};
		BD10C9622A7C0A270034025F /* Release */ = {
			isa = XCBuildConfiguration;
			buildSettings = {
				ALWAYS_SEARCH_USER_PATHS = NO;
				CLANG_ANALYZER_NONNULL = YES;
				CLANG_ANALYZER_NUMBER_OBJECT_CONVERSION = YES_AGGRESSIVE;
				CLANG_CXX_LANGUAGE_STANDARD = "gnu++20";
				CLANG_ENABLE_MODULES = YES;
				CLANG_ENABLE_OBJC_ARC = YES;
				CLANG_ENABLE_OBJC_WEAK = YES;
				CLANG_WARN_BLOCK_CAPTURE_AUTORELEASING = YES;
				CLANG_WARN_BOOL_CONVERSION = YES;
				CLANG_WARN_COMMA = YES;
				CLANG_WARN_CONSTANT_CONVERSION = YES;
				CLANG_WARN_DEPRECATED_OBJC_IMPLEMENTATIONS = YES;
				CLANG_WARN_DIRECT_OBJC_ISA_USAGE = YES_ERROR;
				CLANG_WARN_DOCUMENTATION_COMMENTS = YES;
				CLANG_WARN_EMPTY_BODY = YES;
				CLANG_WARN_ENUM_CONVERSION = YES;
				CLANG_WARN_INFINITE_RECURSION = YES;
				CLANG_WARN_INT_CONVERSION = YES;
				CLANG_WARN_NON_LITERAL_NULL_CONVERSION = YES;
				CLANG_WARN_OBJC_IMPLICIT_RETAIN_SELF = YES;
				CLANG_WARN_OBJC_LITERAL_CONVERSION = YES;
				CLANG_WARN_OBJC_ROOT_CLASS = YES_ERROR;
				CLANG_WARN_QUOTED_INCLUDE_IN_FRAMEWORK_HEADER = YES;
				CLANG_WARN_RANGE_LOOP_ANALYSIS = YES;
				CLANG_WARN_STRICT_PROTOTYPES = YES;
				CLANG_WARN_SUSPICIOUS_MOVE = YES;
				CLANG_WARN_UNGUARDED_AVAILABILITY = YES_AGGRESSIVE;
				CLANG_WARN_UNREACHABLE_CODE = YES;
				CLANG_WARN__DUPLICATE_METHOD_MATCH = YES;
				COPY_PHASE_STRIP = NO;
				DEBUG_INFORMATION_FORMAT = "dwarf-with-dsym";
				ENABLE_NS_ASSERTIONS = NO;
				ENABLE_STRICT_OBJC_MSGSEND = YES;
				GCC_C_LANGUAGE_STANDARD = gnu11;
				GCC_NO_COMMON_BLOCKS = YES;
				GCC_WARN_64_TO_32_BIT_CONVERSION = YES;
				GCC_WARN_ABOUT_RETURN_TYPE = YES_ERROR;
				GCC_WARN_UNDECLARED_SELECTOR = YES;
				GCC_WARN_UNINITIALIZED_AUTOS = YES_AGGRESSIVE;
				GCC_WARN_UNUSED_FUNCTION = YES;
				GCC_WARN_UNUSED_VARIABLE = YES;
				IPHONEOS_DEPLOYMENT_TARGET = 16.4;
				MTL_ENABLE_DEBUG_INFO = NO;
				MTL_FAST_MATH = YES;
				SDKROOT = iphoneos;
				SWIFT_COMPILATION_MODE = wholemodule;
				SWIFT_OPTIMIZATION_LEVEL = "-O";
				VALIDATE_PRODUCT = YES;
			};
			name = Release;
		};
		BD10C9642A7C0A270034025F /* Debug */ = {
			isa = XCBuildConfiguration;
			buildSettings = {
				ASSETCATALOG_COMPILER_APPICON_NAME = AppIcon;
				ASSETCATALOG_COMPILER_GLOBAL_ACCENT_COLOR_NAME = AccentColor;
				CODE_SIGN_STYLE = Automatic;
				CURRENT_PROJECT_VERSION = 1;
				DEVELOPMENT_TEAM = LXHC5L2843;
				GENERATE_INFOPLIST_FILE = YES;
				INFOPLIST_FILE = WithoutStoryboard/Info.plist;
				INFOPLIST_KEY_UIApplicationSupportsIndirectInputEvents = YES;
				INFOPLIST_KEY_UILaunchStoryboardName = LaunchScreen;
				INFOPLIST_KEY_UISupportedInterfaceOrientations_iPad = "UIInterfaceOrientationPortrait UIInterfaceOrientationPortraitUpsideDown UIInterfaceOrientationLandscapeLeft UIInterfaceOrientationLandscapeRight";
				INFOPLIST_KEY_UISupportedInterfaceOrientations_iPhone = "UIInterfaceOrientationPortrait UIInterfaceOrientationLandscapeLeft UIInterfaceOrientationLandscapeRight";
				LD_RUNPATH_SEARCH_PATHS = (
					"$(inherited)",
					"@executable_path/Frameworks",
				);
				MARKETING_VERSION = 1.0;
				PRODUCT_BUNDLE_IDENTIFIER = ru.NataKuznetsova.geekbrains.WithoutStoryboard;
				PRODUCT_NAME = "$(TARGET_NAME)";
				SWIFT_EMIT_LOC_STRINGS = YES;
				SWIFT_VERSION = 5.0;
				TARGETED_DEVICE_FAMILY = "1,2";
			};
			name = Debug;
		};
		BD10C9652A7C0A270034025F /* Release */ = {
			isa = XCBuildConfiguration;
			buildSettings = {
				ASSETCATALOG_COMPILER_APPICON_NAME = AppIcon;
				ASSETCATALOG_COMPILER_GLOBAL_ACCENT_COLOR_NAME = AccentColor;
				CODE_SIGN_STYLE = Automatic;
				CURRENT_PROJECT_VERSION = 1;
				DEVELOPMENT_TEAM = LXHC5L2843;
				GENERATE_INFOPLIST_FILE = YES;
				INFOPLIST_FILE = WithoutStoryboard/Info.plist;
				INFOPLIST_KEY_UIApplicationSupportsIndirectInputEvents = YES;
				INFOPLIST_KEY_UILaunchStoryboardName = LaunchScreen;
				INFOPLIST_KEY_UISupportedInterfaceOrientations_iPad = "UIInterfaceOrientationPortrait UIInterfaceOrientationPortraitUpsideDown UIInterfaceOrientationLandscapeLeft UIInterfaceOrientationLandscapeRight";
				INFOPLIST_KEY_UISupportedInterfaceOrientations_iPhone = "UIInterfaceOrientationPortrait UIInterfaceOrientationLandscapeLeft UIInterfaceOrientationLandscapeRight";
				LD_RUNPATH_SEARCH_PATHS = (
					"$(inherited)",
					"@executable_path/Frameworks",
				);
				MARKETING_VERSION = 1.0;
				PRODUCT_BUNDLE_IDENTIFIER = ru.NataKuznetsova.geekbrains.WithoutStoryboard;
				PRODUCT_NAME = "$(TARGET_NAME)";
				SWIFT_EMIT_LOC_STRINGS = YES;
				SWIFT_VERSION = 5.0;
				TARGETED_DEVICE_FAMILY = "1,2";
			};
			name = Release;
		};
/* End XCBuildConfiguration section */

/* Begin XCConfigurationList section */
		BD10C94A2A7C0A260034025F /* Build configuration list for PBXProject "WithoutStoryboard" */ = {
			isa = XCConfigurationList;
			buildConfigurations = (
				BD10C9612A7C0A270034025F /* Debug */,
				BD10C9622A7C0A270034025F /* Release */,
			);
			defaultConfigurationIsVisible = 0;
			defaultConfigurationName = Release;
		};
		BD10C9632A7C0A270034025F /* Build configuration list for PBXNativeTarget "WithoutStoryboard" */ = {
			isa = XCConfigurationList;
			buildConfigurations = (
				BD10C9642A7C0A270034025F /* Debug */,
				BD10C9652A7C0A270034025F /* Release */,
			);
			defaultConfigurationIsVisible = 0;
			defaultConfigurationName = Release;
		};
/* End XCConfigurationList section */
	};
	rootObject = BD10C9472A7C0A260034025F /* Project object */;
}
